
Microsoft Visual Studio Solution File, Format Version 12.00
# Visual Studio 14
VisualStudioVersion = 14.0.23107.0
MinimumVisualStudioVersion = 10.0.40219.1
Project("{FAE04EC0-301F-11D3-BF4B-00C04F79EFBC}") = "EffectiveRent", "EffectiveRent\EffectiveRent.csproj", "{1D6B6CA0-F28D-49DF-B3FC-D17BC71F7E48}"
EndProject
Project("{2150E333-8FDC-42A3-9474-1A3956D46DE8}") = "PublishScripts", "PublishScripts", "{BD369361-3B76-4C85-88CA-6FFF340A8C02}"
	ProjectSection(SolutionItems) = preProject
		PublishScripts\AzureVMPublishModule.psm1 = PublishScripts\AzureVMPublishModule.psm1
		PublishScripts\Publish-WebApplicationVM.ps1 = PublishScripts\Publish-WebApplicationVM.ps1
	EndProjectSection
EndProject
Project("{2150E333-8FDC-42A3-9474-1A3956D46DE8}") = "Configurations", "Configurations", "{EEEBAC0A-807B-4572-BB2A-251257C289C5}"
	ProjectSection(SolutionItems) = preProject
		PublishScripts\Configurations\EffectiveRent-WAWS-dev.json = PublishScripts\Configurations\EffectiveRent-WAWS-dev.json
	EndProjectSection
EndProject
Global
	GlobalSection(SolutionConfigurationPlatforms) = preSolution
		Debug|Any CPU = Debug|Any CPU
		Release|Any CPU = Release|Any CPU
	EndGlobalSection
	GlobalSection(ProjectConfigurationPlatforms) = postSolution
		{1D6B6CA0-F28D-49DF-B3FC-D17BC71F7E48}.Debug|Any CPU.ActiveCfg = Debug|Any CPU
		{1D6B6CA0-F28D-49DF-B3FC-D17BC71F7E48}.Debug|Any CPU.Build.0 = Debug|Any CPU
		{1D6B6CA0-F28D-49DF-B3FC-D17BC71F7E48}.Release|Any CPU.ActiveCfg = Release|Any CPU
		{1D6B6CA0-F28D-49DF-B3FC-D17BC71F7E48}.Release|Any CPU.Build.0 = Release|Any CPU
	EndGlobalSection
	GlobalSection(SolutionProperties) = preSolution
		HideSolutionNode = FALSE
	EndGlobalSection
	GlobalSection(NestedProjects) = preSolution
		{EEEBAC0A-807B-4572-BB2A-251257C289C5} = {BD369361-3B76-4C85-88CA-6FFF340A8C02}
	EndGlobalSection
EndGlobal
